
Microsoft Visual Studio Solution File, Format Version 12.00
# Visual Studio 15
VisualStudioVersion = 15.0.27004.2008
MinimumVisualStudioVersion = 10.0.40219.1
Project("{FAE04EC0-301F-11D3-BF4B-00C04F79EFBC}") = "01.MatrixOfPalindromes", "01.MatrixOfPalindromes\01.MatrixOfPalindromes.csproj", "{B80C0DDB-8BD1-4DC7-973F-68D16EA96578}"
EndProject
Project("{FAE04EC0-301F-11D3-BF4B-00C04F79EFBC}") = "02.DiagonalDifference", "02.DiagonalDifference\02.DiagonalDifference.csproj", "{9DF5BCFB-E314-4BE8-9455-7307B0251D05}"
EndProject
Project("{FAE04EC0-301F-11D3-BF4B-00C04F79EFBC}") = "03.2x2SquaresInMatrix", "03.2x2SquaresInMatrix\03.2x2SquaresInMatrix.csproj", "{69EFCE9C-4644-45BE-9ED6-3DC9DE59A81F}"
EndProject
Project("{FAE04EC0-301F-11D3-BF4B-00C04F79EFBC}") = "04.MaximumSum", "04.MaximumSum\04.MaximumSum.csproj", "{5C844551-A785-496C-9F2A-E3149E3E069B}"
EndProject
Global
	GlobalSection(SolutionConfigurationPlatforms) = preSolution
		Debug|Any CPU = Debug|Any CPU
		Release|Any CPU = Release|Any CPU
	EndGlobalSection
	GlobalSection(ProjectConfigurationPlatforms) = postSolution
		{B80C0DDB-8BD1-4DC7-973F-68D16EA96578}.Debug|Any CPU.ActiveCfg = Debug|Any CPU
		{B80C0DDB-8BD1-4DC7-973F-68D16EA96578}.Debug|Any CPU.Build.0 = Debug|Any CPU
		{B80C0DDB-8BD1-4DC7-973F-68D16EA96578}.Release|Any CPU.ActiveCfg = Release|Any CPU
		{B80C0DDB-8BD1-4DC7-973F-68D16EA96578}.Release|Any CPU.Build.0 = Release|Any CPU
		{9DF5BCFB-E314-4BE8-9455-7307B0251D05}.Debug|Any CPU.ActiveCfg = Debug|Any CPU
		{9DF5BCFB-E314-4BE8-9455-7307B0251D05}.Debug|Any CPU.Build.0 = Debug|Any CPU
		{9DF5BCFB-E314-4BE8-9455-7307B0251D05}.Release|Any CPU.ActiveCfg = Release|Any CPU
		{9DF5BCFB-E314-4BE8-9455-7307B0251D05}.Release|Any CPU.Build.0 = Release|Any CPU
		{69EFCE9C-4644-45BE-9ED6-3DC9DE59A81F}.Debug|Any CPU.ActiveCfg = Debug|Any CPU
		{69EFCE9C-4644-45BE-9ED6-3DC9DE59A81F}.Debug|Any CPU.Build.0 = Debug|Any CPU
		{69EFCE9C-4644-45BE-9ED6-3DC9DE59A81F}.Release|Any CPU.ActiveCfg = Release|Any CPU
		{69EFCE9C-4644-45BE-9ED6-3DC9DE59A81F}.Release|Any CPU.Build.0 = Release|Any CPU
		{5C844551-A785-496C-9F2A-E3149E3E069B}.Debug|Any CPU.ActiveCfg = Debug|Any CPU
		{5C844551-A785-496C-9F2A-E3149E3E069B}.Debug|Any CPU.Build.0 = Debug|Any CPU
		{5C844551-A785-496C-9F2A-E3149E3E069B}.Release|Any CPU.ActiveCfg = Release|Any CPU
		{5C844551-A785-496C-9F2A-E3149E3E069B}.Release|Any CPU.Build.0 = Release|Any CPU
	EndGlobalSection
	GlobalSection(SolutionProperties) = preSolution
		HideSolutionNode = FALSE
	EndGlobalSection
	GlobalSection(ExtensibilityGlobals) = postSolution
		SolutionGuid = {6F117A41-A0C2-4F25-BA12-B762637ACAEF}
	EndGlobalSection
EndGlobal
